lockfileVersion: '9.0'

settings:
  autoInstallPeers: true
  excludeLinksFromLockfile: false

importers:

  .:
    dependencies:
      jose:
        specifier: 6.2.3
        version: 6.2.3
      libsodium-wrappers:
        specifier: 0.8.4
        version: 0.8.4
      openpgp:
        specifier: 6.3.1
        version: 6.3.1
      tweetnacl:
        specifier: 1.0.3
        version: 1.0.3

packages:

  jose@6.2.3:
    resolution: {integrity: sha512-YYVDInQKFJfR/xa3ojUTl8c2KoTwiL1R5Wg9YCydwH0x0B9grbzlg5HC7mMjCtUJjbQ/YnGEZIhI5tCgfTb4Hw==}

  libsodium-wrappers@0.8.4:
    resolution: {integrity: sha512-mu8aAWucZjTB5O/BtGXtW4e1agy7uHxNYG7zPthmmD1jU43LCDmSWZLN4JhflbdPXj3yDO4lxM1O9hLDgIOXDw==}

  libsodium@0.8.4:
    resolution: {integrity: sha512-lMcYaRi0zcs7tarATsQUYC7rstliIXZuoq0c6zXSgNtSNtdvBgkSegjWhpMJAXzKX3SUSwIp7+zEsob+j3LuRw==}

  openpgp@6.3.1:
    resolution: {integrity: sha512-7oSPvmlKPojxFoyelT5DWPIAVmqWZh4qU/5pO6bdoShEtRpCw9Sye9IXUQj6EFM3XpgGssqccAr705YtTcLNQw==}
    engines: {node: '>= 18.0.0', typescript: '>= 5.0.0'}
    peerDependencies:
      '@openpgp/web-stream-tools': ~0.3.0
    peerDependenciesMeta:
      '@openpgp/web-stream-tools':
        optional: true

  tweetnacl@1.0.3:
    resolution: {integrity: sha512-6rt+RN7aOi1nGMyC4Xa5DdYiukl2UWCbcJft7YhxReBGQD7OAM8Pbxw6YMo4r2diNEA8FEmu32YOn9rhaiE5yw==}

snapshots:

  jose@6.2.3: {}

  libsodium-wrappers@0.8.4:
    dependencies:
      libsodium: 0.8.4

  libsodium@0.8.4: {}

  openpgp@6.3.1: {}

  tweetnacl@1.0.3: {}
