{
	"name": "agentos-docs-examples",
	"version": "0.2.0-rc.3",
	"lockfileVersion": 3,
	"requires": true,
	"packages": {
		"": {
			"name": "agentos-docs-examples",
			"version": "0.2.0-rc.3",
			"dependencies": {
				"@rivetkit/react": "0.0.0-feat-dylib-actor-plugin.c44621f",
				"react": "^19",
				"react-dom": "^19",
				"rivetkit": "0.0.0-feat-dylib-actor-plugin.c44621f"
			},
			"devDependencies": {
				"@types/node": "^22.10.2",
				"@types/react": "^19",
				"typescript": "^5.7.2"
			}
		},
		"node_modules/@asteasolutions/zod-to-openapi": {
			"version": "8.5.0",
			"resolved": "https://registry.npmjs.org/@asteasolutions/zod-to-openapi/-/zod-to-openapi-8.5.0.tgz",
			"integrity": "sha512-SABbKiObg5dLRiTFnqiW1WWwGcg1BJfmHtT2asIBnBHg6Smy/Ms2KHc650+JI4Hw7lSkdiNebEGXpwoxfben8Q==",
			"license": "MIT",
			"dependencies": {
				"openapi3-ts": "^4.1.2"
			},
			"peerDependencies": {
				"zod": "^4.0.0"
			}
		},
		"node_modules/@cbor-extract/cbor-extract-darwin-arm64": {
			"version": "2.2.2",
			"resolved": "https://registry.npmjs.org/@cbor-extract/cbor-extract-darwin-arm64/-/cbor-extract-darwin-arm64-2.2.2.tgz",
			"integrity": "sha512-ZKZ/F8US7JR92J4DMct6cLW/Y66o2K576+zjlEN/MevH70bFIsB10wkZEQPLzl2oNh2SMGy55xpJ9JoBRl5DOA==",
			"cpu": [
				"arm64"
			],
			"license": "MIT",
			"optional": true,
			"os": [
				"darwin"
			]
		},
		"node_modules/@cbor-extract/cbor-extract-darwin-x64": {
			"version": "2.2.2",
			"resolved": "https://registry.npmjs.org/@cbor-extract/cbor-extract-darwin-x64/-/cbor-extract-darwin-x64-2.2.2.tgz",
			"integrity": "sha512-32b1mgc+P61Js+KW9VZv/c+xRw5EfmOcPx990JbCBSkYJFY0l25VinvyyWfl+3KjibQmAcYwmyzKF9J4DyKP/Q==",
			"cpu": [
				"x64"
			],
			"license": "MIT",
			"optional": true,
			"os": [
				"darwin"
			]
		},
		"node_modules/@cbor-extract/cbor-extract-linux-arm": {
			"version": "2.2.2",
			"resolved": "https://registry.npmjs.org/@cbor-extract/cbor-extract-linux-arm/-/cbor-extract-linux-arm-2.2.2.tgz",
			"integrity": "sha512-tNg0za41TpQfkhWjptD+0gSD2fggMiDCSacuIeELyb2xZhr7PrhPe5h66Jc67B/5dmpIhI2QOUtv4SBsricyYQ==",
			"cpu": [
				"arm"
			],
			"license": "MIT",
			"optional": true,
			"os": [
				"linux"
			]
		},
		"node_modules/@cbor-extract/cbor-extract-linux-arm64": {
			"version": "2.2.2",
			"resolved": "https://registry.npmjs.org/@cbor-extract/cbor-extract-linux-arm64/-/cbor-extract-linux-arm64-2.2.2.tgz",
			"integrity": "sha512-wfqgzqCAy/Vn8i6WVIh7qZd0DdBFaWBjPdB6ma+Wihcjv0gHqD/mw3ouVv7kbbUNrab6dKEx/w3xQZEdeXIlzg==",
			"cpu": [
				"arm64"
			],
			"license": "MIT",
			"optional": true,
			"os": [
				"linux"
			]
		},
		"node_modules/@cbor-extract/cbor-extract-linux-x64": {
			"version": "2.2.2",
			"resolved": "https://registry.npmjs.org/@cbor-extract/cbor-extract-linux-x64/-/cbor-extract-linux-x64-2.2.2.tgz",
			"integrity": "sha512-rpiLnVEsqtPJ+mXTdx1rfz4RtUGYIUg2rUAZgd1KjiC1SehYUSkJN7Yh+aVfSjvCGtVP0/bfkQkXpPXKbmSUaA==",
			"cpu": [
				"x64"
			],
			"license": "MIT",
			"optional": true,
			"os": [
				"linux"
			]
		},
		"node_modules/@cbor-extract/cbor-extract-win32-x64": {
			"version": "2.2.2",
			"resolved": "https://registry.npmjs.org/@cbor-extract/cbor-extract-win32-x64/-/cbor-extract-win32-x64-2.2.2.tgz",
			"integrity": "sha512-dI+9P7cfWxkTQ+oE+7Aa6onEn92PHgfWXZivjNheCRmTBDBf2fx6RyTi0cmgpYLnD1KLZK9ZYrMxaPZ4oiXhGA==",
			"cpu": [
				"x64"
			],
			"license": "MIT",
			"optional": true,
			"os": [
				"win32"
			]
		},
		"node_modules/@hono/zod-openapi": {
			"version": "1.4.0",
			"resolved": "https://registry.npmjs.org/@hono/zod-openapi/-/zod-openapi-1.4.0.tgz",
			"integrity": "sha512-AFchqR1N/NxfI4hUOSGI2/g8zLROxA1OE7Oh5JJFlTaGxhrdRyH+93gd0tIBpb0z8s9r8hUoNnaOBfHbdb4NMw==",
			"license": "MIT",
			"dependencies": {
				"@asteasolutions/zod-to-openapi": "^8.5.0",
				"@hono/zod-validator": "^0.8.0",
				"openapi3-ts": "^4.5.0"
			},
			"engines": {
				"node": ">=16.0.0"
			},
			"peerDependencies": {
				"hono": ">=4.10.0",
				"zod": "^4.0.0"
			}
		},
		"node_modules/@hono/zod-validator": {
			"version": "0.8.0",
			"resolved": "https://registry.npmjs.org/@hono/zod-validator/-/zod-validator-0.8.0.tgz",
			"integrity": "sha512-5uS4S1/LKtZQYvD4BtpPUFkOv8d1wNxHHrChm26buMiEYc1FrHWvDUaKVBwkiVtvSExHSpLGDvcnpI2Copyj9w==",
			"license": "MIT",
			"peerDependencies": {
				"hono": ">=4.10.0",
				"zod": "^3.25.0 || ^4.0.0"
			}
		},
		"node_modules/@napi-rs/cli": {
			"version": "2.18.4",
			"resolved": "https://registry.npmjs.org/@napi-rs/cli/-/cli-2.18.4.tgz",
			"integrity": "sha512-SgJeA4df9DE2iAEpr3M2H0OKl/yjtg1BnRI5/JyowS71tUWhrfSu2LT0V3vlHET+g1hBVlrO60PmEXwUEKp8Mg==",
			"license": "MIT",
			"bin": {
				"napi": "scripts/index.js"
			},
			"engines": {
				"node": ">= 10"
			},
			"funding": {
				"type": "github",
				"url": "https://github.com/sponsors/Brooooooklyn"
			}
		},
		"node_modules/@pinojs/redact": {
			"version": "0.4.0",
			"resolved": "https://registry.npmjs.org/@pinojs/redact/-/redact-0.4.0.tgz",
			"integrity": "sha512-k2ENnmBugE/rzQfEcdWHcCY+/FM3VLzH9cYEsbdsoqrvzAKRhUZeRNhAZvB8OitQJ1TBed3yqWtdjzS6wJKBwg==",
			"license": "MIT"
		},
		"node_modules/@rivetkit/bare-ts": {
			"version": "0.6.2",
			"resolved": "https://registry.npmjs.org/@rivetkit/bare-ts/-/bare-ts-0.6.2.tgz",
			"integrity": "sha512-3qndQUQXLdwafMEqfhz24hUtDPcsf1Bu3q52Kb8MqeH8JUh3h6R4HYW3ZJXiQsLcyYyFM68PuIwlLRlg1xDEpg==",
			"license": "MIT",
			"engines": {
				"node": "^14.18.0 || >=16.0.0"
			}
		},
		"node_modules/@rivetkit/engine-cli": {
			"version": "0.0.0-feat-dylib-actor-plugin.c44621f",
			"resolved": "https://registry.npmjs.org/@rivetkit/engine-cli/-/engine-cli-0.0.0-feat-dylib-actor-plugin.c44621f.tgz",
			"integrity": "sha512-gRmWkoU8ZiyaqYSHbl6nmAijREHEYdtQYUgA9CwxQa5Y3pglm+N3x4raOKUvmn+Xe1iV5KuHHyREhOO6Hkr5/Q==",
			"license": "Apache-2.0",
			"engines": {
				"node": ">= 20.0.0"
			},
			"optionalDependencies": {
				"@rivetkit/engine-cli-darwin-arm64": "0.0.0-feat-dylib-actor-plugin.c44621f",
				"@rivetkit/engine-cli-darwin-x64": "0.0.0-feat-dylib-actor-plugin.c44621f",
				"@rivetkit/engine-cli-linux-arm64-musl": "0.0.0-feat-dylib-actor-plugin.c44621f",
				"@rivetkit/engine-cli-linux-x64-musl": "0.0.0-feat-dylib-actor-plugin.c44621f"
			}
		},
		"node_modules/@rivetkit/engine-cli-darwin-arm64": {
			"version": "0.0.0-feat-dylib-actor-plugin.c44621f",
			"resolved": "https://registry.npmjs.org/@rivetkit/engine-cli-darwin-arm64/-/engine-cli-darwin-arm64-0.0.0-feat-dylib-actor-plugin.c44621f.tgz",
			"integrity": "sha512-eQW1WTZEe51zXRdI9lqUI9lF/A8rTqVLK9P7ysYNXIl4H1NWv36rFepdKK/chSgrig4/xLRuch2MHtjxLPDPew==",
			"cpu": [
				"arm64"
			],
			"license": "Apache-2.0",
			"optional": true,
			"os": [
				"darwin"
			],
			"engines": {
				"node": ">= 20.0.0"
			}
		},
		"node_modules/@rivetkit/engine-cli-darwin-x64": {
			"version": "0.0.0-feat-dylib-actor-plugin.c44621f",
			"resolved": "https://registry.npmjs.org/@rivetkit/engine-cli-darwin-x64/-/engine-cli-darwin-x64-0.0.0-feat-dylib-actor-plugin.c44621f.tgz",
			"integrity": "sha512-NNMNULr3XIyKKAwQcc8RyUBpL+l5vfiFtWZPGVRgpVRYysU4RG5IwZa0uXzraf2yzkgZDym9U3UPkwHmsNthOA==",
			"cpu": [
				"x64"
			],
			"license": "Apache-2.0",
			"optional": true,
			"os": [
				"darwin"
			],
			"engines": {
				"node": ">= 20.0.0"
			}
		},
		"node_modules/@rivetkit/engine-cli-linux-arm64-musl": {
			"version": "0.0.0-feat-dylib-actor-plugin.c44621f",
			"resolved": "https://registry.npmjs.org/@rivetkit/engine-cli-linux-arm64-musl/-/engine-cli-linux-arm64-musl-0.0.0-feat-dylib-actor-plugin.c44621f.tgz",
			"integrity": "sha512-DlsxDN7tIiOs89GTDZS9ID/ZNiDvKA0vJ+ojq5LDqcp8X+dFb2uLuMLjaPXVwurkzXLoaDzz20ctnUm44muWLw==",
			"cpu": [
				"arm64"
			],
			"license": "Apache-2.0",
			"optional": true,
			"os": [
				"linux"
			],
			"engines": {
				"node": ">= 20.0.0"
			}
		},
		"node_modules/@rivetkit/engine-cli-linux-x64-musl": {
			"version": "0.0.0-feat-dylib-actor-plugin.c44621f",
			"resolved": "https://registry.npmjs.org/@rivetkit/engine-cli-linux-x64-musl/-/engine-cli-linux-x64-musl-0.0.0-feat-dylib-actor-plugin.c44621f.tgz",
			"integrity": "sha512-rBijR7naYpOyQnnK1gwFx6dDPTwGoON1wfia1fVCLJlpYcqqD5aVg4PU0oINRF9NPBqPW4vfVWSBKWHyF4YLFA==",
			"cpu": [
				"x64"
			],
			"license": "Apache-2.0",
			"optional": true,
			"os": [
				"linux"
			],
			"engines": {
				"node": ">= 20.0.0"
			}
		},
		"node_modules/@rivetkit/engine-envoy-protocol": {
			"version": "0.0.0-feat-dylib-actor-plugin.c44621f",
			"resolved": "https://registry.npmjs.org/@rivetkit/engine-envoy-protocol/-/engine-envoy-protocol-0.0.0-feat-dylib-actor-plugin.c44621f.tgz",
			"integrity": "sha512-NJeYJdE1sbSqOyknL7w32K/hIOta3uOc5eZgagL/kaGrrFKlzaVi1BWAgzNbSdWHgGpqfMN3XtdwW/XllN9vHQ==",
			"license": "Apache-2.0",
			"dependencies": {
				"@rivetkit/bare-ts": "^0.6.2"
			}
		},
		"node_modules/@rivetkit/framework-base": {
			"version": "0.0.0-feat-dylib-actor-plugin.c44621f",
			"resolved": "https://registry.npmjs.org/@rivetkit/framework-base/-/framework-base-0.0.0-feat-dylib-actor-plugin.c44621f.tgz",
			"integrity": "sha512-KO5CIHflFtXbto+VXXzSNdlHpDsVTvSYIKkJzwG8pjFfYdygg5dpWXExujQAVq6KMfuCMKlGisuugDu3bUAWvA==",
			"license": "Apache-2.0",
			"dependencies": {
				"@tanstack/store": "^0.7.1",
				"fast-deep-equal": "^3.1.3",
				"rivetkit": "0.0.0-feat-dylib-actor-plugin.c44621f"
			}
		},
		"node_modules/@rivetkit/on-change": {
			"version": "6.0.1",
			"resolved": "https://registry.npmjs.org/@rivetkit/on-change/-/on-change-6.0.1.tgz",
			"integrity": "sha512-QBN/KRBXLJdCgN4gBTL3XAc/zKm58atSnieXWMOyFSPmo6F1/yIVV/LTRdvAktfCttrGx7W6c32i/lwqCHWnsQ==",
			"license": "MIT",
			"engines": {
				"node": ">=20"
			},
			"funding": {
				"url": "https://github.com/sindresorhus/on-change?sponsor=1"
			}
		},
		"node_modules/@rivetkit/react": {
			"version": "0.0.0-feat-dylib-actor-plugin.c44621f",
			"resolved": "https://registry.npmjs.org/@rivetkit/react/-/react-0.0.0-feat-dylib-actor-plugin.c44621f.tgz",
			"integrity": "sha512-X7V9BNVc6DJsQy9Fwbv9+f/BoQHrq4NhVrTEFbGJokkwpl8WYBQn1K/viYEO4aB/IIaEy8jHhhOrzOcNn8dMPQ==",
			"license": "Apache-2.0",
			"dependencies": {
				"@rivetkit/framework-base": "0.0.0-feat-dylib-actor-plugin.c44621f",
				"@tanstack/react-store": "^0.7.1",
				"rivetkit": "0.0.0-feat-dylib-actor-plugin.c44621f"
			},
			"peerDependencies": {
				"react": "^18 || ^19",
				"react-dom": "^18 || ^19"
			}
		},
		"node_modules/@rivetkit/rivetkit-napi": {
			"version": "0.0.0-feat-dylib-actor-plugin.c44621f",
			"resolved": "https://registry.npmjs.org/@rivetkit/rivetkit-napi/-/rivetkit-napi-0.0.0-feat-dylib-actor-plugin.c44621f.tgz",
			"integrity": "sha512-rpy4ObZRyqnUfHDf1Bo4QyGsQvYeAEhwPQk7806ObeguqrUozoST4eRHSLbvkOfwISdaHVuNjD6PySF4VWOwPg==",
			"license": "Apache-2.0",
			"dependencies": {
				"@napi-rs/cli": "^2.18.4",
				"@rivetkit/engine-envoy-protocol": "0.0.0-feat-dylib-actor-plugin.c44621f"
			},
			"engines": {
				"node": ">= 20.0.0"
			},
			"optionalDependencies": {
				"@rivetkit/rivetkit-napi-darwin-arm64": "0.0.0-feat-dylib-actor-plugin.c44621f",
				"@rivetkit/rivetkit-napi-darwin-x64": "0.0.0-feat-dylib-actor-plugin.c44621f",
				"@rivetkit/rivetkit-napi-linux-arm64-gnu": "0.0.0-feat-dylib-actor-plugin.c44621f",
				"@rivetkit/rivetkit-napi-linux-arm64-musl": "0.0.0-feat-dylib-actor-plugin.c44621f",
				"@rivetkit/rivetkit-napi-linux-x64-gnu": "0.0.0-feat-dylib-actor-plugin.c44621f",
				"@rivetkit/rivetkit-napi-linux-x64-musl": "0.0.0-feat-dylib-actor-plugin.c44621f"
			}
		},
		"node_modules/@rivetkit/rivetkit-napi-darwin-arm64": {
			"version": "0.0.0-feat-dylib-actor-plugin.c44621f",
			"resolved": "https://registry.npmjs.org/@rivetkit/rivetkit-napi-darwin-arm64/-/rivetkit-napi-darwin-arm64-0.0.0-feat-dylib-actor-plugin.c44621f.tgz",
			"integrity": "sha512-Yg4vhX57FcE6ajn5qym6hRlzJY2ExoRJ1NXw3h2v2C3Fr+6VD+R0C7/voiv+u8OutUld2SImt62Er+cS9JT3tw==",
			"cpu": [
				"arm64"
			],
			"license": "Apache-2.0",
			"optional": true,
			"os": [
				"darwin"
			],
			"engines": {
				"node": ">= 20.0.0"
			}
		},
		"node_modules/@rivetkit/rivetkit-napi-darwin-x64": {
			"version": "0.0.0-feat-dylib-actor-plugin.c44621f",
			"resolved": "https://registry.npmjs.org/@rivetkit/rivetkit-napi-darwin-x64/-/rivetkit-napi-darwin-x64-0.0.0-feat-dylib-actor-plugin.c44621f.tgz",
			"integrity": "sha512-fThfkJnRIAmCuAvgqz2cWyYY1uIzOybcXfumCSfSGfU6bS8d0jFBjaHnAZ3dgrncS+nBwK/0rqFt2JHLs7IXOA==",
			"cpu": [
				"x64"
			],
			"license": "Apache-2.0",
			"optional": true,
			"os": [
				"darwin"
			],
			"engines": {
				"node": ">= 20.0.0"
			}
		},
		"node_modules/@rivetkit/rivetkit-napi-linux-arm64-gnu": {
			"version": "0.0.0-feat-dylib-actor-plugin.c44621f",
			"resolved": "https://registry.npmjs.org/@rivetkit/rivetkit-napi-linux-arm64-gnu/-/rivetkit-napi-linux-arm64-gnu-0.0.0-feat-dylib-actor-plugin.c44621f.tgz",
			"integrity": "sha512-ZixJthmxswfHx0DTyjyuYP2L602rYAK1v7eKixXJjGNosjpXNVKkYnV5ML/kf5NbjZ3qeN4GONGR4Zf3WznuZQ==",
			"cpu": [
				"arm64"
			],
			"license": "Apache-2.0",
			"optional": true,
			"os": [
				"linux"
			],
			"engines": {
				"node": ">= 20.0.0"
			}
		},
		"node_modules/@rivetkit/rivetkit-napi-linux-arm64-musl": {
			"version": "0.0.0-feat-dylib-actor-plugin.c44621f",
			"resolved": "https://registry.npmjs.org/@rivetkit/rivetkit-napi-linux-arm64-musl/-/rivetkit-napi-linux-arm64-musl-0.0.0-feat-dylib-actor-plugin.c44621f.tgz",
			"integrity": "sha512-X1EpEj1TaYGfA2fOAUoJrnGg3AQynJBiKW0Q5KBVqJn3ofENQIomwCPrjb0jh+ctJg0EeRyEw1wC7Tj0cfPfjg==",
			"cpu": [
				"arm64"
			],
			"license": "Apache-2.0",
			"optional": true,
			"os": [
				"linux"
			],
			"engines": {
				"node": ">= 20.0.0"
			}
		},
		"node_modules/@rivetkit/rivetkit-napi-linux-x64-gnu": {
			"version": "0.0.0-feat-dylib-actor-plugin.c44621f",
			"resolved": "https://registry.npmjs.org/@rivetkit/rivetkit-napi-linux-x64-gnu/-/rivetkit-napi-linux-x64-gnu-0.0.0-feat-dylib-actor-plugin.c44621f.tgz",
			"integrity": "sha512-6L23MfUDBCasZBAOn5XveNNxLeBRqzSgWM7vpXkeWLn2Cz75IELHekJNEmnmM1qgWSahfCyTL2OCZh8MBHJAzQ==",
			"cpu": [
				"x64"
			],
			"license": "Apache-2.0",
			"optional": true,
			"os": [
				"linux"
			],
			"engines": {
				"node": ">= 20.0.0"
			}
		},
		"node_modules/@rivetkit/rivetkit-napi-linux-x64-musl": {
			"version": "0.0.0-feat-dylib-actor-plugin.c44621f",
			"resolved": "https://registry.npmjs.org/@rivetkit/rivetkit-napi-linux-x64-musl/-/rivetkit-napi-linux-x64-musl-0.0.0-feat-dylib-actor-plugin.c44621f.tgz",
			"integrity": "sha512-cYTxBkW/V3STXTC2nHpp9vXcahkmRLXD7Y2HptqJNYGlcMs/tlUJM7YPQSuhrfpQxIgcdZJKAvsKBWStKexROA==",
			"cpu": [
				"x64"
			],
			"license": "Apache-2.0",
			"optional": true,
			"os": [
				"linux"
			],
			"engines": {
				"node": ">= 20.0.0"
			}
		},
		"node_modules/@rivetkit/rivetkit-wasm": {
			"version": "0.0.0-feat-dylib-actor-plugin.c44621f",
			"resolved": "https://registry.npmjs.org/@rivetkit/rivetkit-wasm/-/rivetkit-wasm-0.0.0-feat-dylib-actor-plugin.c44621f.tgz",
			"integrity": "sha512-WyL9fwXpvNnymwPtwbLbB8jOjToIu/c+JTfRTOUx1P7m208rrxh0r4HypClnX4HZMOqnWIrsWo8ufaQFIeDO3g==",
			"license": "Apache-2.0"
		},
		"node_modules/@rivetkit/traces": {
			"version": "0.0.0-feat-dylib-actor-plugin.c44621f",
			"resolved": "https://registry.npmjs.org/@rivetkit/traces/-/traces-0.0.0-feat-dylib-actor-plugin.c44621f.tgz",
			"integrity": "sha512-J903UVLDSJ1XdYDQnBVvs1SxnNJW/geoHc7t6l7g0tUrwovmA34XACIYhsZRJU0hJGCiIGp/ByuOLPOlkDlp/A==",
			"license": "Apache-2.0",
			"dependencies": {
				"@rivetkit/bare-ts": "^0.6.2",
				"cbor-x": "^1.6.0",
				"fdb-tuple": "^1.0.0",
				"vbare": "^0.0.4"
			},
			"engines": {
				"node": ">=18.0.0"
			}
		},
		"node_modules/@rivetkit/virtual-websocket": {
			"version": "0.0.0-feat-dylib-actor-plugin.c44621f",
			"resolved": "https://registry.npmjs.org/@rivetkit/virtual-websocket/-/virtual-websocket-0.0.0-feat-dylib-actor-plugin.c44621f.tgz",
			"integrity": "sha512-tBHwzPHBd3Wi5ACbdJgwXiDICvNjSEztptXAKkUcQ6OeFsVwPEJNwQEVIoCGBSFHUi9YFdAWKv8tDN5NATc1ZQ==",
			"license": "Apache-2.0"
		},
		"node_modules/@rivetkit/workflow-engine": {
			"version": "0.0.0-feat-dylib-actor-plugin.c44621f",
			"resolved": "https://registry.npmjs.org/@rivetkit/workflow-engine/-/workflow-engine-0.0.0-feat-dylib-actor-plugin.c44621f.tgz",
			"integrity": "sha512-Y6DHCLM7IpLOvSVIhj+LQH38+ffnB84Sy2g3JeLinpyd2ku/iLC7aBvxj1KX43S54PeslU6Tz8kgi2B5jRfA/A==",
			"license": "Apache-2.0",
			"dependencies": {
				"@rivetkit/bare-ts": "^0.6.2",
				"cbor-x": "^1.6.0",
				"fdb-tuple": "^1.0.0",
				"pino": "^9.6.0",
				"vbare": "^0.0.4"
			},
			"engines": {
				"node": ">=18.0.0"
			}
		},
		"node_modules/@tanstack/react-store": {
			"version": "0.7.7",
			"resolved": "https://registry.npmjs.org/@tanstack/react-store/-/react-store-0.7.7.tgz",
			"integrity": "sha512-qqT0ufegFRDGSof9D/VqaZgjNgp4tRPHZIJq2+QIHkMUtHjaJ0lYrrXjeIUJvjnTbgPfSD1XgOMEt0lmANn6Zg==",
			"license": "MIT",
			"dependencies": {
				"@tanstack/store": "0.7.7",
				"use-sync-external-store": "^1.5.0"
			},
			"funding": {
				"type": "github",
				"url": "https://github.com/sponsors/tannerlinsley"
			},
			"peerDependencies": {
				"react": "^16.8.0 || ^17.0.0 || ^18.0.0 || ^19.0.0",
				"react-dom": "^16.8.0 || ^17.0.0 || ^18.0.0 || ^19.0.0"
			}
		},
		"node_modules/@tanstack/store": {
			"version": "0.7.7",
			"resolved": "https://registry.npmjs.org/@tanstack/store/-/store-0.7.7.tgz",
			"integrity": "sha512-xa6pTan1bcaqYDS9BDpSiS63qa6EoDkPN9RsRaxHuDdVDNntzq3xNwR5YKTU/V3SkSyC9T4YVOPh2zRQN0nhIQ==",
			"license": "MIT",
			"funding": {
				"type": "github",
				"url": "https://github.com/sponsors/tannerlinsley"
			}
		},
		"node_modules/@types/node": {
			"version": "22.20.0",
			"resolved": "https://registry.npmjs.org/@types/node/-/node-22.20.0.tgz",
			"integrity": "sha512-QWlFW2wf3nTjC13/DqRnBpR4ZO36VJH/JVBkA/vcnmbTBNQIlnObqyqZE1tUR7+Ni23Lda8R1BxMfbXRpCUx5g==",
			"dev": true,
			"license": "MIT",
			"dependencies": {
				"undici-types": "~6.21.0"
			}
		},
		"node_modules/@types/react": {
			"version": "19.2.17",
			"resolved": "https://registry.npmjs.org/@types/react/-/react-19.2.17.tgz",
			"integrity": "sha512-MXfmqaVPEVgkBT/aY0aGCkRWWtByiYQXo3xdQ8r5RzuFrPiRn8Gar2tQdXSUQ2GKV3bkXckek89V8wQBY2Q/Aw==",
			"dev": true,
			"license": "MIT",
			"dependencies": {
				"csstype": "^3.2.2"
			}
		},
		"node_modules/@types/retry": {
			"version": "0.12.2",
			"resolved": "https://registry.npmjs.org/@types/retry/-/retry-0.12.2.tgz",
			"integrity": "sha512-XISRgDJ2Tc5q4TRqvgJtzsRkFYNJzZrhTdtMoGVBttwzzQJkPnS3WWTFc7kuDRoPtPakl+T+OfdEUjYJj7Jbow==",
			"license": "MIT"
		},
		"node_modules/atomic-sleep": {
			"version": "1.0.0",
			"resolved": "https://registry.npmjs.org/atomic-sleep/-/atomic-sleep-1.0.0.tgz",
			"integrity": "sha512-kNOjDqAh7px0XWNI+4QbzoiR/nTkHAWNud2uvnJquD1/x5a7EQZMJT0AczqK0Qn67oY/TTQ1LbUKajZpp3I9tQ==",
			"license": "MIT",
			"engines": {
				"node": ">=8.0.0"
			}
		},
		"node_modules/cbor-extract": {
			"version": "2.2.2",
			"resolved": "https://registry.npmjs.org/cbor-extract/-/cbor-extract-2.2.2.tgz",
			"integrity": "sha512-hlSxxI9XO2yQfe9g6msd3g4xCfDqK5T5P0fRMLuaLHhxn4ViPrm+a+MUfhrvH2W962RGxcBwEGzLQyjbDG1gng==",
			"hasInstallScript": true,
			"license": "MIT",
			"optional": true,
			"dependencies": {
				"node-gyp-build-optional-packages": "5.1.1"
			},
			"bin": {
				"download-cbor-prebuilds": "bin/download-prebuilds.js"
			},
			"optionalDependencies": {
				"@cbor-extract/cbor-extract-darwin-arm64": "2.2.2",
				"@cbor-extract/cbor-extract-darwin-x64": "2.2.2",
				"@cbor-extract/cbor-extract-linux-arm": "2.2.2",
				"@cbor-extract/cbor-extract-linux-arm64": "2.2.2",
				"@cbor-extract/cbor-extract-linux-x64": "2.2.2",
				"@cbor-extract/cbor-extract-win32-x64": "2.2.2"
			}
		},
		"node_modules/cbor-x": {
			"version": "1.6.4",
			"resolved": "https://registry.npmjs.org/cbor-x/-/cbor-x-1.6.4.tgz",
			"integrity": "sha512-UGKHjp6RHC6QuZ2yy5LCKm7MojM4716DwoSaqwQpaH4DvZvbBTGcoDNTiG9Y2lByXZYFEs9WRkS5tLl96IrF1Q==",
			"license": "MIT",
			"optionalDependencies": {
				"cbor-extract": "^2.2.2"
			}
		},
		"node_modules/csstype": {
			"version": "3.2.3",
			"resolved": "https://registry.npmjs.org/csstype/-/csstype-3.2.3.tgz",
			"integrity": "sha512-z1HGKcYy2xA8AGQfwrn0PAy+PB7X/GSj3UVJW9qKyn43xWa+gl5nXmU4qqLMRzWVLFC8KusUX8T/0kCiOYpAIQ==",
			"dev": true,
			"license": "MIT"
		},
		"node_modules/detect-libc": {
			"version": "2.1.2",
			"resolved": "https://registry.npmjs.org/detect-libc/-/detect-libc-2.1.2.tgz",
			"integrity": "sha512-Btj2BOOO83o3WyH59e8MgXsxEQVcarkUOpEYrubB0urwnN10yQ364rsiByU11nZlqWYZm05i/of7io4mzihBtQ==",
			"license": "Apache-2.0",
			"optional": true,
			"engines": {
				"node": ">=8"
			}
		},
		"node_modules/drizzle-orm": {
			"version": "0.44.7",
			"resolved": "https://registry.npmjs.org/drizzle-orm/-/drizzle-orm-0.44.7.tgz",
			"integrity": "sha512-quIpnYznjU9lHshEOAYLoZ9s3jweleHlZIAWR/jX9gAWNg/JhQ1wj0KGRf7/Zm+obRrYd9GjPVJg790QY9N5AQ==",
			"license": "Apache-2.0",
			"peerDependencies": {
				"@aws-sdk/client-rds-data": ">=3",
				"@cloudflare/workers-types": ">=4",
				"@electric-sql/pglite": ">=0.2.0",
				"@libsql/client": ">=0.10.0",
				"@libsql/client-wasm": ">=0.10.0",
				"@neondatabase/serverless": ">=0.10.0",
				"@op-engineering/op-sqlite": ">=2",
				"@opentelemetry/api": "^1.4.1",
				"@planetscale/database": ">=1.13",
				"@prisma/client": "*",
				"@tidbcloud/serverless": "*",
				"@types/better-sqlite3": "*",
				"@types/pg": "*",
				"@types/sql.js": "*",
				"@upstash/redis": ">=1.34.7",
				"@vercel/postgres": ">=0.8.0",
				"@xata.io/client": "*",
				"better-sqlite3": ">=7",
				"bun-types": "*",
				"expo-sqlite": ">=14.0.0",
				"gel": ">=2",
				"knex": "*",
				"kysely": "*",
				"mysql2": ">=2",
				"pg": ">=8",
				"postgres": ">=3",
				"sql.js": ">=1",
				"sqlite3": ">=5"
			},
			"peerDependenciesMeta": {
				"@aws-sdk/client-rds-data": {
					"optional": true
				},
				"@cloudflare/workers-types": {
					"optional": true
				},
				"@electric-sql/pglite": {
					"optional": true
				},
				"@libsql/client": {
					"optional": true
				},
				"@libsql/client-wasm": {
					"optional": true
				},
				"@neondatabase/serverless": {
					"optional": true
				},
				"@op-engineering/op-sqlite": {
					"optional": true
				},
				"@opentelemetry/api": {
					"optional": true
				},
				"@planetscale/database": {
					"optional": true
				},
				"@prisma/client": {
					"optional": true
				},
				"@tidbcloud/serverless": {
					"optional": true
				},
				"@types/better-sqlite3": {
					"optional": true
				},
				"@types/pg": {
					"optional": true
				},
				"@types/sql.js": {
					"optional": true
				},
				"@upstash/redis": {
					"optional": true
				},
				"@vercel/postgres": {
					"optional": true
				},
				"@xata.io/client": {
					"optional": true
				},
				"better-sqlite3": {
					"optional": true
				},
				"bun-types": {
					"optional": true
				},
				"expo-sqlite": {
					"optional": true
				},
				"gel": {
					"optional": true
				},
				"knex": {
					"optional": true
				},
				"kysely": {
					"optional": true
				},
				"mysql2": {
					"optional": true
				},
				"pg": {
					"optional": true
				},
				"postgres": {
					"optional": true
				},
				"prisma": {
					"optional": true
				},
				"sql.js": {
					"optional": true
				},
				"sqlite3": {
					"optional": true
				}
			}
		},
		"node_modules/fast-deep-equal": {
			"version": "3.1.3",
			"resolved": "https://registry.npmjs.org/fast-deep-equal/-/fast-deep-equal-3.1.3.tgz",
			"integrity": "sha512-f3qQ9oQy9j2AhBe/H9VC91wLmKBCCU/gDOnKNAYG5hswO7BLKj09Hc5HYNz9cGI++xlpDCIgDaitVs03ATR84Q==",
			"license": "MIT"
		},
		"node_modules/fdb-tuple": {
			"version": "1.0.0",
			"resolved": "https://registry.npmjs.org/fdb-tuple/-/fdb-tuple-1.0.0.tgz",
			"integrity": "sha512-8jSvKPCYCgTpi9Pt87qlfTk6griyMx4Gk3Xv31Dp72Qp8b6XgIyFsMm8KzPmFJ9iJ8K4pGvRxvOS8D0XGnrkjw==",
			"license": "MIT"
		},
		"node_modules/hono": {
			"version": "4.12.27",
			"resolved": "https://registry.npmjs.org/hono/-/hono-4.12.27.tgz",
			"integrity": "sha512-1yrb/+w6HWQJrUCLkJ2IF5jNIPvvFkblV5RNOYl6bV+OA6p9GLcMpHFFGTosSvHvcAUibuUukRqhlYI4z32C7Q==",
			"license": "MIT",
			"peer": true,
			"engines": {
				"node": ">=16.9.0"
			}
		},
		"node_modules/invariant": {
			"version": "2.2.4",
			"resolved": "https://registry.npmjs.org/invariant/-/invariant-2.2.4.tgz",
			"integrity": "sha512-phJfQVBuaJM5raOpJjSfkiD6BpbCE4Ns//LaXl6wGYtUBY83nWS6Rf9tXm2e8VaK60JEjYldbPif/A2B1C2gNA==",
			"license": "MIT",
			"dependencies": {
				"loose-envify": "^1.0.0"
			}
		},
		"node_modules/is-network-error": {
			"version": "1.3.2",
			"resolved": "https://registry.npmjs.org/is-network-error/-/is-network-error-1.3.2.tgz",
			"integrity": "sha512-PhBY86zaxNZUuWP6h13Vu5oFe0XY6/UlKzQnYFELzGVHygP3MxmvTfYSG7GN3aIab/iWudSMgjSnG9Dq+nHrgA==",
			"license": "MIT",
			"engines": {
				"node": ">=16"
			},
			"funding": {
				"url": "https://github.com/sponsors/sindresorhus"
			}
		},
		"node_modules/js-tokens": {
			"version": "4.0.0",
			"resolved": "https://registry.npmjs.org/js-tokens/-/js-tokens-4.0.0.tgz",
			"integrity": "sha512-RdJUflcE3cUzKiMqQgsCu06FPu9UdIJO0beYbPhHN4k6apgJtifcoCtT9bcxOpYBtpD2kCM6Sbzg4CausW/PKQ==",
			"license": "MIT"
		},
		"node_modules/loose-envify": {
			"version": "1.4.0",
			"resolved": "https://registry.npmjs.org/loose-envify/-/loose-envify-1.4.0.tgz",
			"integrity": "sha512-lyuxPGr/Wfhrlem2CL/UcnUc1zcqKAImBDzukY7Y5F/yQiNdko6+fRLevlw1HgMySw7f611UIY408EtxRSoK3Q==",
			"license": "MIT",
			"dependencies": {
				"js-tokens": "^3.0.0 || ^4.0.0"
			},
			"bin": {
				"loose-envify": "cli.js"
			}
		},
		"node_modules/node-gyp-build-optional-packages": {
			"version": "5.1.1",
			"resolved": "https://registry.npmjs.org/node-gyp-build-optional-packages/-/node-gyp-build-optional-packages-5.1.1.tgz",
			"integrity": "sha512-+P72GAjVAbTxjjwUmwjVrqrdZROD4nf8KgpBoDxqXXTiYZZt/ud60dE5yvCSr9lRO8e8yv6kgJIC0K0PfZFVQw==",
			"license": "MIT",
			"optional": true,
			"dependencies": {
				"detect-libc": "^2.0.1"
			},
			"bin": {
				"node-gyp-build-optional-packages": "bin.js",
				"node-gyp-build-optional-packages-optional": "optional.js",
				"node-gyp-build-optional-packages-test": "build-test.js"
			}
		},
		"node_modules/on-exit-leak-free": {
			"version": "2.1.2",
			"resolved": "https://registry.npmjs.org/on-exit-leak-free/-/on-exit-leak-free-2.1.2.tgz",
			"integrity": "sha512-0eJJY6hXLGf1udHwfNftBqH+g73EU4B504nZeKpz1sYRKafAghwxEJunB2O7rDZkL4PGfsMVnTXZ2EjibbqcsA==",
			"license": "MIT",
			"engines": {
				"node": ">=14.0.0"
			}
		},
		"node_modules/openapi3-ts": {
			"version": "4.6.0",
			"resolved": "https://registry.npmjs.org/openapi3-ts/-/openapi3-ts-4.6.0.tgz",
			"integrity": "sha512-a4sfn6L2sIShhtzJqmjGrARvxAW/3F2BJDdyRVvNF9VhAsZSh5hSyI3a9TNvmzBxXmq66nY5LNT5bQcBxYAZZg==",
			"license": "MIT",
			"dependencies": {
				"yaml": "^2.9.0"
			}
		},
		"node_modules/p-retry": {
			"version": "6.2.1",
			"resolved": "https://registry.npmjs.org/p-retry/-/p-retry-6.2.1.tgz",
			"integrity": "sha512-hEt02O4hUct5wtwg4H4KcWgDdm+l1bOaEy/hWzd8xtXB9BqxTWBBhb+2ImAtH4Cv4rPjV76xN3Zumqk3k3AhhQ==",
			"license": "MIT",
			"dependencies": {
				"@types/retry": "0.12.2",
				"is-network-error": "^1.0.0",
				"retry": "^0.13.1"
			},
			"engines": {
				"node": ">=16.17"
			},
			"funding": {
				"url": "https://github.com/sponsors/sindresorhus"
			}
		},
		"node_modules/pino": {
			"version": "9.14.0",
			"resolved": "https://registry.npmjs.org/pino/-/pino-9.14.0.tgz",
			"integrity": "sha512-8OEwKp5juEvb/MjpIc4hjqfgCNysrS94RIOMXYvpYCdm/jglrKEiAYmiumbmGhCvs+IcInsphYDFwqrjr7398w==",
			"license": "MIT",
			"dependencies": {
				"@pinojs/redact": "^0.4.0",
				"atomic-sleep": "^1.0.0",
				"on-exit-leak-free": "^2.1.0",
				"pino-abstract-transport": "^2.0.0",
				"pino-std-serializers": "^7.0.0",
				"process-warning": "^5.0.0",
				"quick-format-unescaped": "^4.0.3",
				"real-require": "^0.2.0",
				"safe-stable-stringify": "^2.3.1",
				"sonic-boom": "^4.0.1",
				"thread-stream": "^3.0.0"
			},
			"bin": {
				"pino": "bin.js"
			}
		},
		"node_modules/pino-abstract-transport": {
			"version": "2.0.0",
			"resolved": "https://registry.npmjs.org/pino-abstract-transport/-/pino-abstract-transport-2.0.0.tgz",
			"integrity": "sha512-F63x5tizV6WCh4R6RHyi2Ml+M70DNRXt/+HANowMflpgGFMAym/VKm6G7ZOQRjqN7XbGxK1Lg9t6ZrtzOaivMw==",
			"license": "MIT",
			"dependencies": {
				"split2": "^4.0.0"
			}
		},
		"node_modules/pino-std-serializers": {
			"version": "7.1.0",
			"resolved": "https://registry.npmjs.org/pino-std-serializers/-/pino-std-serializers-7.1.0.tgz",
			"integrity": "sha512-BndPH67/JxGExRgiX1dX0w1FvZck5Wa4aal9198SrRhZjH3GxKQUKIBnYJTdj2HDN3UQAS06HlfcSbQj2OHmaw==",
			"license": "MIT"
		},
		"node_modules/process-warning": {
			"version": "5.0.0",
			"resolved": "https://registry.npmjs.org/process-warning/-/process-warning-5.0.0.tgz",
			"integrity": "sha512-a39t9ApHNx2L4+HBnQKqxxHNs1r7KF+Intd8Q/g1bUh6q0WIp9voPXJ/x0j+ZL45KF1pJd9+q2jLIRMfvEshkA==",
			"funding": [
				{
					"type": "github",
					"url": "https://github.com/sponsors/fastify"
				},
				{
					"type": "opencollective",
					"url": "https://opencollective.com/fastify"
				}
			],
			"license": "MIT"
		},
		"node_modules/quick-format-unescaped": {
			"version": "4.0.4",
			"resolved": "https://registry.npmjs.org/quick-format-unescaped/-/quick-format-unescaped-4.0.4.tgz",
			"integrity": "sha512-tYC1Q1hgyRuHgloV/YXs2w15unPVh8qfu/qCTfhTYamaw7fyhumKa2yGpdSo87vY32rIclj+4fWYQXUMs9EHvg==",
			"license": "MIT"
		},
		"node_modules/react": {
			"version": "19.2.7",
			"resolved": "https://registry.npmjs.org/react/-/react-19.2.7.tgz",
			"integrity": "sha512-HNe9WslTbXmFK8o8cmwgAeJFSBvt1bPdHCVKtaaV+WlAN36mpT4hcRpwbf3fY56ar2oIXzsBpOAiIRHAdY0OlQ==",
			"license": "MIT",
			"peer": true,
			"engines": {
				"node": ">=0.10.0"
			}
		},
		"node_modules/react-dom": {
			"version": "19.2.7",
			"resolved": "https://registry.npmjs.org/react-dom/-/react-dom-19.2.7.tgz",
			"integrity": "sha512-t0BRVXvbiE/o20Hfw669rLbMCDWtYZLvmJigy2f0MxsXF+71pxhR3xOkspmsO8h3ZlNzyibAmtCa3l4lYKk6gQ==",
			"license": "MIT",
			"peer": true,
			"dependencies": {
				"scheduler": "^0.27.0"
			},
			"peerDependencies": {
				"react": "^19.2.7"
			}
		},
		"node_modules/real-require": {
			"version": "0.2.0",
			"resolved": "https://registry.npmjs.org/real-require/-/real-require-0.2.0.tgz",
			"integrity": "sha512-57frrGM/OCTLqLOAh0mhVA9VBMHd+9U7Zb2THMGdBUoZVOtGbJzjxsYGDJ3A9AYYCP4hn6y1TVbaOfzWtm5GFg==",
			"license": "MIT",
			"engines": {
				"node": ">= 12.13.0"
			}
		},
		"node_modules/retry": {
			"version": "0.13.1",
			"resolved": "https://registry.npmjs.org/retry/-/retry-0.13.1.tgz",
			"integrity": "sha512-XQBQ3I8W1Cge0Seh+6gjj03LbmRFWuoszgK9ooCpwYIrhhoO80pfq4cUkU5DkknwfOfFteRwlZ56PYOGYyFWdg==",
			"license": "MIT",
			"engines": {
				"node": ">= 4"
			}
		},
		"node_modules/rivetkit": {
			"version": "0.0.0-feat-dylib-actor-plugin.c44621f",
			"resolved": "https://registry.npmjs.org/rivetkit/-/rivetkit-0.0.0-feat-dylib-actor-plugin.c44621f.tgz",
			"integrity": "sha512-/HF9QCzCtqnz6TbdcTS53IzngzIb/00VW1s15o43oATC1OpThvR2WVTpRk5dw33ViLIiMbGP8CzLwg3vvW8ZiA==",
			"license": "Apache-2.0",
			"dependencies": {
				"@hono/zod-openapi": "^1.1.5",
				"@rivetkit/bare-ts": "^0.6.2",
				"@rivetkit/engine-cli": "0.0.0-feat-dylib-actor-plugin.c44621f",
				"@rivetkit/engine-envoy-protocol": "0.0.0-feat-dylib-actor-plugin.c44621f",
				"@rivetkit/on-change": "6.0.1",
				"@rivetkit/rivetkit-napi": "0.0.0-feat-dylib-actor-plugin.c44621f",
				"@rivetkit/rivetkit-wasm": "0.0.0-feat-dylib-actor-plugin.c44621f",
				"@rivetkit/traces": "0.0.0-feat-dylib-actor-plugin.c44621f",
				"@rivetkit/virtual-websocket": "0.0.0-feat-dylib-actor-plugin.c44621f",
				"@rivetkit/workflow-engine": "0.0.0-feat-dylib-actor-plugin.c44621f",
				"cbor-x": "^1.6.0",
				"drizzle-orm": "^0.44.2",
				"hono": "^4.7.0",
				"invariant": "^2.2.4",
				"p-retry": "^6.2.1",
				"pino": "^9.5.0",
				"uuid": "^12.0.0",
				"vbare": "^0.0.4",
				"zod": "^4.1.0"
			},
			"engines": {
				"node": ">=22.0.0"
			},
			"peerDependencies": {
				"drizzle-kit": "^0.31.2",
				"eventsource": "^4.0.0",
				"ws": "^8.0.0"
			},
			"peerDependenciesMeta": {
				"drizzle-kit": {
					"optional": true
				},
				"eventsource": {
					"optional": true
				},
				"ws": {
					"optional": true
				}
			}
		},
		"node_modules/safe-stable-stringify": {
			"version": "2.5.0",
			"resolved": "https://registry.npmjs.org/safe-stable-stringify/-/safe-stable-stringify-2.5.0.tgz",
			"integrity": "sha512-b3rppTKm9T+PsVCBEOUR46GWI7fdOs00VKZ1+9c1EWDaDMvjQc6tUwuFyIprgGgTcWoVHSKrU8H31ZHA2e0RHA==",
			"license": "MIT",
			"engines": {
				"node": ">=10"
			}
		},
		"node_modules/scheduler": {
			"version": "0.27.0",
			"resolved": "https://registry.npmjs.org/scheduler/-/scheduler-0.27.0.tgz",
			"integrity": "sha512-eNv+WrVbKu1f3vbYJT/xtiF5syA5HPIMtf9IgY/nKg0sWqzAUEvqY/xm7OcZc/qafLx/iO9FgOmeSAp4v5ti/Q==",
			"license": "MIT"
		},
		"node_modules/sonic-boom": {
			"version": "4.2.1",
			"resolved": "https://registry.npmjs.org/sonic-boom/-/sonic-boom-4.2.1.tgz",
			"integrity": "sha512-w6AxtubXa2wTXAUsZMMWERrsIRAdrK0Sc+FUytWvYAhBJLyuI4llrMIC1DtlNSdI99EI86KZum2MMq3EAZlF9Q==",
			"license": "MIT",
			"dependencies": {
				"atomic-sleep": "^1.0.0"
			}
		},
		"node_modules/split2": {
			"version": "4.2.0",
			"resolved": "https://registry.npmjs.org/split2/-/split2-4.2.0.tgz",
			"integrity": "sha512-UcjcJOWknrNkF6PLX83qcHM6KHgVKNkV62Y8a5uYDVv9ydGQVwAHMKqHdJje1VTWpljG0WYpCDhrCdAOYH4TWg==",
			"license": "ISC",
			"engines": {
				"node": ">= 10.x"
			}
		},
		"node_modules/thread-stream": {
			"version": "3.2.0",
			"resolved": "https://registry.npmjs.org/thread-stream/-/thread-stream-3.2.0.tgz",
			"integrity": "sha512-zLBvqpwr4Esa0kRjcrzGU6zL25lePWaCLMx0RQFrmteozIfeNdaMLpG5U7PeHzvlFkAWaRKA9/KVW4F60iB+qw==",
			"license": "MIT",
			"dependencies": {
				"real-require": "^0.2.0"
			}
		},
		"node_modules/typescript": {
			"version": "5.9.3",
			"resolved": "https://registry.npmjs.org/typescript/-/typescript-5.9.3.tgz",
			"integrity": "sha512-jl1vZzPDinLr9eUt3J/t7V6FgNEw9QjvBPdysz9KfQDD41fQrC2Y4vKQdiaUpFT4bXlb1RHhLpp8wtm6M5TgSw==",
			"dev": true,
			"license": "Apache-2.0",
			"bin": {
				"tsc": "bin/tsc",
				"tsserver": "bin/tsserver"
			},
			"engines": {
				"node": ">=14.17"
			}
		},
		"node_modules/undici-types": {
			"version": "6.21.0",
			"resolved": "https://registry.npmjs.org/undici-types/-/undici-types-6.21.0.tgz",
			"integrity": "sha512-iwDZqg0QAGrg9Rav5H4n0M64c3mkR59cJ6wQp+7C4nI0gsmExaedaYLNO44eT4AtBBwjbTiGPMlt2Md0T9H9JQ==",
			"dev": true,
			"license": "MIT"
		},
		"node_modules/use-sync-external-store": {
			"version": "1.6.0",
			"resolved": "https://registry.npmjs.org/use-sync-external-store/-/use-sync-external-store-1.6.0.tgz",
			"integrity": "sha512-Pp6GSwGP/NrPIrxVFAIkOQeyw8lFenOHijQWkUTrDvrF4ALqylP2C/KCkeS9dpUM3KvYRQhna5vt7IL95+ZQ9w==",
			"license": "MIT",
			"peerDependencies": {
				"react": "^16.8.0 || ^17.0.0 || ^18.0.0 || ^19.0.0"
			}
		},
		"node_modules/uuid": {
			"version": "12.0.1",
			"resolved": "https://registry.npmjs.org/uuid/-/uuid-12.0.1.tgz",
			"integrity": "sha512-9obBF8sMIHJWNQaO6IGOG8giGa/jUpKX34bz6o4whVs8M0WAvhID2tNxYp6A2XEBJPuZSX8wsS/6TEKfIDc+nw==",
			"funding": [
				"https://github.com/sponsors/broofa",
				"https://github.com/sponsors/ctavan"
			],
			"license": "MIT",
			"bin": {
				"uuid": "dist/bin/uuid"
			}
		},
		"node_modules/vbare": {
			"version": "0.0.4",
			"resolved": "https://registry.npmjs.org/vbare/-/vbare-0.0.4.tgz",
			"integrity": "sha512-QsxSVw76NqYUWYPVcQmOnQPX8buIVjgn+yqldTHlWISulBTB9TJ9rnzZceDu+GZmycOtzsmuPbPN1YNxvK12fg==",
			"engines": {
				"node": ">=18.0.0"
			}
		},
		"node_modules/yaml": {
			"version": "2.9.0",
			"resolved": "https://registry.npmjs.org/yaml/-/yaml-2.9.0.tgz",
			"integrity": "sha512-2AvhNX3mb8zd6Zy7INTtSpl1F15HW6Wnqj0srWlkKLcpYl/gMIMJiyuGq2KeI2YFxUPjdlB+3Lc10seMLtL4cA==",
			"license": "ISC",
			"bin": {
				"yaml": "bin.mjs"
			},
			"engines": {
				"node": ">= 14.6"
			},
			"funding": {
				"url": "https://github.com/sponsors/eemeli"
			}
		},
		"node_modules/zod": {
			"version": "4.4.3",
			"resolved": "https://registry.npmjs.org/zod/-/zod-4.4.3.tgz",
			"integrity": "sha512-ytENFjIJFl2UwYglde2jchW2Hwm4GJFLDiSXWdTrJQBIN9Fcyp7n4DhxJEiWNAJMV1/BqWfW/kkg71UDcHJyTQ==",
			"license": "MIT",
			"peer": true,
			"funding": {
				"url": "https://github.com/sponsors/colinhacks"
			}
		}
	}
}
