lockfileVersion: '9.0'

settings:
  autoInstallPeers: true
  excludeLinksFromLockfile: false

importers:

  .:
    dependencies:
      '@hono/node-server':
        specifier: 1.19.12
        version: 1.19.12(hono@4.12.9)
      hono:
        specifier: 4.12.9
        version: 4.12.9

packages:

  '@hono/node-server@1.19.12':
    resolution: {integrity: sha512-txsUW4SQ1iilgE0l9/e9VQWmELXifEFvmdA1j6WFh/aFPj99hIntrSsq/if0UWyGVkmrRPKA1wCeP+UCr1B9Uw==}
    engines: {node: '>=18.14.1'}
    peerDependencies:
      hono: ^4

  hono@4.12.9:
    resolution: {integrity: sha512-wy3T8Zm2bsEvxKZM5w21VdHDDcwVS1yUFFY6i8UobSsKfFceT7TOwhbhfKsDyx7tYQlmRM5FLpIuYvNFyjctiA==}
    engines: {node: '>=16.9.0'}

snapshots:

  '@hono/node-server@1.19.12(hono@4.12.9)':
    dependencies:
      hono: 4.12.9

  hono@4.12.9: {}
