lockfileVersion: '9.0'

settings:
  autoInstallPeers: true
  excludeLinksFromLockfile: false

importers:

  .:
    dependencies:
      pdf-lib:
        specifier: 1.17.1
        version: 1.17.1
      pdfjs-dist:
        specifier: 6.1.200
        version: 6.1.200

packages:

  '@napi-rs/canvas-android-arm64@1.0.2':
    resolution: {integrity: sha512-IMXKVQod0ol4vt3gmClUfXz4JAgHYESGPCUqmH3lQxBoL0K/2greJaQE1HVBVxWWFKfLc4OLZVdxg7kXVyXv+g==}
    engines: {node: '>= 10'}
    cpu: [arm64]
    os: [android]

  '@napi-rs/canvas-darwin-arm64@1.0.2':
    resolution: {integrity: sha512-Sc8tPi6cF+5lqOzCCKFALJHhDiRwyMzTPYm3bbhdXsOunU0lQO5f05ucyOzN2r55I23Hg5bsjH63uSCvWp3EgQ==}
    engines: {node: '>= 10'}
    cpu: [arm64]
    os: [darwin]

  '@napi-rs/canvas-darwin-x64@1.0.2':
    resolution: {integrity: sha512-niDXZ9LhKB1zLrUdYB64RHQFDGz9rr0eGx061qtJJU3U20EMMIx28ADF5fVYbhtOgkWQrBjFicfaye1yM0U62A==}
    engines: {node: '>= 10'}
    cpu: [x64]
    os: [darwin]

  '@napi-rs/canvas-linux-arm-gnueabihf@1.0.2':
    resolution: {integrity: sha512-sgatQL9JxGRH/Amzcvu0P3t8Am3duou74CisfuJ41Dwt8cWy723z/9KZ8LlgmxfypEwEZxSTNFJtU8d281lmhQ==}
    engines: {node: '>= 10'}
    cpu: [arm]
    os: [linux]

  '@napi-rs/canvas-linux-arm64-gnu@1.0.2':
    resolution: {integrity: sha512-dgKuX0peF3xwY6ZF5QxGS4wbfDqpoFAJYXiLSp+guZKARQUKMkRqZSDrXKj7nfrec3UCMzC0PFCPte0ES98AiA==}
    engines: {node: '>= 10'}
    cpu: [arm64]
    os: [linux]

  '@napi-rs/canvas-linux-arm64-musl@1.0.2':
    resolution: {integrity: sha512-qwROoDIC9upfvDoRLuPn2aNg9CGW1x0Ygr4k2Or+8paA9d0qBLwk87U+g8KQpoOviKoPoiwl97kvBYuYD7qZoA==}
    engines: {node: '>= 10'}
    cpu: [arm64]
    os: [linux]

  '@napi-rs/canvas-linux-riscv64-gnu@1.0.2':
    resolution: {integrity: sha512-fXRjnPihdnbO6qy1QQOgxAonb68A0TCEG7rj1x7v7rxNElsE8EVIKIEUTvyDtU+sthYSbX+8e7g3oZiLGnOmxw==}
    engines: {node: '>= 10'}
    cpu: [riscv64]
    os: [linux]

  '@napi-rs/canvas-linux-x64-gnu@1.0.2':
    resolution: {integrity: sha512-nPR97DXhbWIAy7yazF3jc06kEPMqYMLmPzFOVNlwKPfIoSChnI+x7dc0hTLaihz3jxrjL6j4BbA7earxfx4X3g==}
    engines: {node: '>= 10'}
    cpu: [x64]
    os: [linux]

  '@napi-rs/canvas-linux-x64-musl@1.0.2':
    resolution: {integrity: sha512-l7zZY5+jL5qnBZtDz7CoBtY6p7EkHu422g/0zWwrOrzIwWyWxZFRfZZORY1UG7YApymPLx+UbOkN206xXn/c1Q==}
    engines: {node: '>= 10'}
    cpu: [x64]
    os: [linux]

  '@napi-rs/canvas-win32-arm64-msvc@1.0.2':
    resolution: {integrity: sha512-yE0koHCFF4PIbMc2o2SEALhnipz7WBISh5glLvQiomtIoCcW0np3H4Lw93ceJAfJttTTeIIWFbwH84F7EVzjMQ==}
    engines: {node: '>= 10'}
    cpu: [arm64]
    os: [win32]

  '@napi-rs/canvas-win32-x64-msvc@1.0.2':
    resolution: {integrity: sha512-okU8/t2foV6C31n0GtvEMbfD5rOFc70+/6xUNME9Guld29sgSOIGUEDScAWFlcP3k5TYQRl9TNkwJEEjh15w8A==}
    engines: {node: '>= 10'}
    cpu: [x64]
    os: [win32]

  '@napi-rs/canvas@1.0.2':
    resolution: {integrity: sha512-EYEqlMYaCbpZDz+IgDH5xp9MTd3ui4dmGqbQYryhMLnSRxrhHKq5KQWHHKxFUcEP4Hp8/BWgvqXocX4j7iSbOQ==}
    engines: {node: '>= 10'}

  '@pdf-lib/standard-fonts@1.0.0':
    resolution: {integrity: sha512-hU30BK9IUN/su0Mn9VdlVKsWBS6GyhVfqjwl1FjZN4TxP6cCw0jP2w7V3Hf5uX7M0AZJ16vey9yE0ny7Sa59ZA==}

  '@pdf-lib/upng@1.0.1':
    resolution: {integrity: sha512-dQK2FUMQtowVP00mtIksrlZhdFXQZPC+taih1q4CvPZ5vqdxR/LKBaFg0oAfzd1GlHZXXSPdQfzQnt+ViGvEIQ==}

  pako@1.0.11:
    resolution: {integrity: sha512-4hLB8Py4zZce5s4yd9XzopqwVv/yGNhV1Bl8NTmCq1763HeK2+EwVTv+leGeL13Dnh2wfbqowVPXCIO0z4taYw==}

  pdf-lib@1.17.1:
    resolution: {integrity: sha512-V/mpyJAoTsN4cnP31vc0wfNA1+p20evqqnap0KLoRUN0Yk/p3wN52DOEsL4oBFcLdb76hlpKPtzJIgo67j/XLw==}

  pdfjs-dist@6.1.200:
    resolution: {integrity: sha512-o8MolyzirkkLrcdsae/HEOiIcXWI7DS5zGpvqW8xTC2YUsW30rltFw2bDGvw/fskUdEMrQm2br68jzDS5BH2vw==}
    engines: {node: '>=22.13.0 || >=24'}

  tslib@1.14.1:
    resolution: {integrity: sha512-Xni35NKzjgMrwevysHTCArtLDpPvye8zV/0E4EyYn43P7/7qvQwPh9BGkHewbMulVntbigmcT7rdX3BNo9wRJg==}

snapshots:

  '@napi-rs/canvas-android-arm64@1.0.2':
    optional: true

  '@napi-rs/canvas-darwin-arm64@1.0.2':
    optional: true

  '@napi-rs/canvas-darwin-x64@1.0.2':
    optional: true

  '@napi-rs/canvas-linux-arm-gnueabihf@1.0.2':
    optional: true

  '@napi-rs/canvas-linux-arm64-gnu@1.0.2':
    optional: true

  '@napi-rs/canvas-linux-arm64-musl@1.0.2':
    optional: true

  '@napi-rs/canvas-linux-riscv64-gnu@1.0.2':
    optional: true

  '@napi-rs/canvas-linux-x64-gnu@1.0.2':
    optional: true

  '@napi-rs/canvas-linux-x64-musl@1.0.2':
    optional: true

  '@napi-rs/canvas-win32-arm64-msvc@1.0.2':
    optional: true

  '@napi-rs/canvas-win32-x64-msvc@1.0.2':
    optional: true

  '@napi-rs/canvas@1.0.2':
    optionalDependencies:
      '@napi-rs/canvas-android-arm64': 1.0.2
      '@napi-rs/canvas-darwin-arm64': 1.0.2
      '@napi-rs/canvas-darwin-x64': 1.0.2
      '@napi-rs/canvas-linux-arm-gnueabihf': 1.0.2
      '@napi-rs/canvas-linux-arm64-gnu': 1.0.2
      '@napi-rs/canvas-linux-arm64-musl': 1.0.2
      '@napi-rs/canvas-linux-riscv64-gnu': 1.0.2
      '@napi-rs/canvas-linux-x64-gnu': 1.0.2
      '@napi-rs/canvas-linux-x64-musl': 1.0.2
      '@napi-rs/canvas-win32-arm64-msvc': 1.0.2
      '@napi-rs/canvas-win32-x64-msvc': 1.0.2
    optional: true

  '@pdf-lib/standard-fonts@1.0.0':
    dependencies:
      pako: 1.0.11

  '@pdf-lib/upng@1.0.1':
    dependencies:
      pako: 1.0.11

  pako@1.0.11: {}

  pdf-lib@1.17.1:
    dependencies:
      '@pdf-lib/standard-fonts': 1.0.0
      '@pdf-lib/upng': 1.0.1
      pako: 1.0.11
      tslib: 1.14.1

  pdfjs-dist@6.1.200:
    optionalDependencies:
      '@napi-rs/canvas': 1.0.2

  tslib@1.14.1: {}
